// !$*UTF8*$!
{
	archiveVersion = 1;
	classes = {
	};
	objectVersion = 56;
	objects = {

/* Begin PBXBuildFile section */
		EF05F6CE2ACA960900FFDBCE /* STTDemoApp.swift in Sources */ = {isa = PBXBuildFile; fileRef = EF05F6CD2ACA960900FFDBCE /* STTDemoApp.swift */; };
		EF05F6D02ACA960900FFDBCE /* RecordedAudioView.swift in Sources */ = {isa = PBXBuildFile; fileRef = EF05F6CF2ACA960900FFDBCE /* RecordedAudioView.swift */; };
		EF05F6D22ACA960A00FFDBCE /* Assets.xcassets in Resources */ = {isa = PBXBuildFile; fileRef = EF05F6D12ACA960A00FFDBCE /* Assets.xcassets */; };
		EF05F6D52ACA960A00FFDBCE /* Preview Assets.xcassets in Resources */ = {isa = PBXBuildFile; fileRef = EF05F6D42ACA960A00FFDBCE /* Preview Assets.xcassets */; };
		EF05F6E12ACA9A0B00FFDBCE /* Audio.swift in Sources */ = {isa = PBXBuildFile; fileRef = EF05F6E02ACA9A0B00FFDBCE /* Audio.swift */; };
		EF05F6E32ACA9B4700FFDBCE /* InitiatorView.swift in Sources */ = {isa = PBXBuildFile; fileRef = EF05F6E22ACA9B4700FFDBCE /* InitiatorView.swift */; };
		EF05F6E52ACA9D2400FFDBCE /* RecordingRecognizer.swift in Sources */ = {isa = PBXBuildFile; fileRef = EF05F6E42ACA9D2400FFDBCE /* RecordingRecognizer.swift */; };
		EF31E90E2ACAA62100889AAA /* audioKOR.mp3 in Resources */ = {isa = PBXBuildFile; fileRef = EF31E90C2ACAA62100889AAA /* audioKOR.mp3 */; };
		EF31E90F2ACAA62100889AAA /* audioENG.mp3 in Resources */ = {isa = PBXBuildFile; fileRef = EF31E90D2ACAA62100889AAA /* audioENG.mp3 */; };
		EF31E9132ACAAC5F00889AAA /* LiveAudioView.swift in Sources */ = {isa = PBXBuildFile; fileRef = EF31E9122ACAAC5F00889AAA /* LiveAudioView.swift */; };
		EF31E9182ACC02A500889AAA /* SpeechRecognizer.swift in Sources */ = {isa = PBXBuildFile; fileRef = EF31E9172ACC02A500889AAA /* SpeechRecognizer.swift */; };
/* End PBXBuildFile section */

/* Begin PBXFileReference section */
		EF05F6CA2ACA960900FFDBCE /* STTDemo.app */ = {isa = PBXFileReference; explicitFileType = wrapper.application; includeInIndex = 0; path = STTDemo.app; sourceTree = BUILT_PRODUCTS_DIR; };
		EF05F6CD2ACA960900FFDBCE /* STTDemoApp.swift */ = {isa = PBXFileReference; lastKnownFileType = sourcecode.swift; path = STTDemoApp.swift; sourceTree = "<group>"; };
		EF05F6CF2ACA960900FFDBCE /* RecordedAudioView.swift */ = {isa = PBXFileReference; lastKnownFileType = sourcecode.swift; path = RecordedAudioView.swift; sourceTree = "<group>"; };
		EF05F6D12ACA960A00FFDBCE /* Assets.xcassets */ = {isa = PBXFileReference; lastKnownFileType = folder.assetcatalog; path = Assets.xcassets; sourceTree = "<group>"; };
		EF05F6D42ACA960A00FFDBCE /* Preview Assets.xcassets */ = {isa = PBXFileReference; lastKnownFileType = folder.assetcatalog; path = "Preview Assets.xcassets"; sourceTree = "<group>"; };
		EF05F6DB2ACA97B100FFDBCE /* Info.plist */ = {isa = PBXFileReference; lastKnownFileType = text.plist; path = Info.plist; sourceTree = "<group>"; };
		EF05F6E02ACA9A0B00FFDBCE /* Audio.swift */ = {isa = PBXFileReference; lastKnownFileType = sourcecode.swift; path = Audio.swift; sourceTree = "<group>"; };
		EF05F6E22ACA9B4700FFDBCE /* InitiatorView.swift */ = {isa = PBXFileReference; lastKnownFileType = sourcecode.swift; path = InitiatorView.swift; sourceTree = "<group>"; };
		EF05F6E42ACA9D2400FFDBCE /* RecordingRecognizer.swift */ = {isa = PBXFileReference; lastKnownFileType = sourcecode.swift; path = RecordingRecognizer.swift; sourceTree = "<group>"; };
		EF31E90C2ACAA62100889AAA /* audioKOR.mp3 */ = {isa = PBXFileReference; lastKnownFileType = audio.mp3; path = audioKOR.mp3; sourceTree = "<group>"; };
		EF31E90D2ACAA62100889AAA /* audioENG.mp3 */ = {isa = PBXFileReference; lastKnownFileType = audio.mp3; path = audioENG.mp3; sourceTree = "<group>"; };
		EF31E9122ACAAC5F00889AAA /* LiveAudioView.swift */ = {isa = PBXFileReference; lastKnownFileType = sourcecode.swift; path = LiveAudioView.swift; sourceTree = "<group>"; };
		EF31E9172ACC02A500889AAA /* SpeechRecognizer.swift */ = {isa = PBXFileReference; lastKnownFileType = sourcecode.swift; path = SpeechRecognizer.swift; sourceTree = "<group>"; };
/* End PBXFileReference section */

/* Begin PBXFrameworksBuildPhase section */
		EF05F6C72ACA960900FFDBCE /* Frameworks */ = {
			isa = PBXFrameworksBuildPhase;
			buildActionMask = 2147483647;
			files = (
			);
			runOnlyForDeploymentPostprocessing = 0;
		};
/* End PBXFrameworksBuildPhase section */

/* Begin PBXGroup section */
		EF05F6C12ACA960900FFDBCE = {
			isa = PBXGroup;
			children = (
				EF05F6CC2ACA960900FFDBCE /* STTDemo */,
				EF05F6CB2ACA960900FFDBCE /* Products */,
			);
			sourceTree = "<group>";
		};
		EF05F6CB2ACA960900FFDBCE /* Products */ = {
			isa = PBXGroup;
			children = (
				EF05F6CA2ACA960900FFDBCE /* STTDemo.app */,
			);
			name = Products;
			sourceTree = "<group>";
		};
		EF05F6CC2ACA960900FFDBCE /* STTDemo */ = {
			isa = PBXGroup;
			children = (
				EF05F6DB2ACA97B100FFDBCE /* Info.plist */,
				EF05F6CD2ACA960900FFDBCE /* STTDemoApp.swift */,
				EF31E9102ACAABD000889AAA /* RecordedAudioDemo */,
				EF31E9112ACAABDF00889AAA /* LiveAudioDemo */,
				EF05F6E22ACA9B4700FFDBCE /* InitiatorView.swift */,
				EF31E90D2ACAA62100889AAA /* audioENG.mp3 */,
				EF31E90C2ACAA62100889AAA /* audioKOR.mp3 */,
				EF05F6D12ACA960A00FFDBCE /* Assets.xcassets */,
				EF05F6D32ACA960A00FFDBCE /* Preview Content */,
			);
			path = STTDemo;
			sourceTree = "<group>";
		};
		EF05F6D32ACA960A00FFDBCE /* Preview Content */ = {
			isa = PBXGroup;
			children = (
				EF05F6D42ACA960A00FFDBCE /* Preview Assets.xcassets */,
			);
			path = "Preview Content";
			sourceTree = "<group>";
		};
		EF31E9102ACAABD000889AAA /* RecordedAudioDemo */ = {
			isa = PBXGroup;
			children = (
				EF05F6CF2ACA960900FFDBCE /* RecordedAudioView.swift */,
				EF05F6E42ACA9D2400FFDBCE /* RecordingRecognizer.swift */,
				EF05F6E02ACA9A0B00FFDBCE /* Audio.swift */,
			);
			path = RecordedAudioDemo;
			sourceTree = "<group>";
		};
		EF31E9112ACAABDF00889AAA /* LiveAudioDemo */ = {
			isa = PBXGroup;
			children = (
				EF31E9122ACAAC5F00889AAA /* LiveAudioView.swift */,
				EF31E9172ACC02A500889AAA /* SpeechRecognizer.swift */,
			);
			path = LiveAudioDemo;
			sourceTree = "<group>";
		};
/* End PBXGroup section */

/* Begin PBXNativeTarget section */
		EF05F6C92ACA960900FFDBCE /* STTDemo */ = {
			isa = PBXNativeTarget;
			buildConfigurationList = EF05F6D82ACA960A00FFDBCE /* Build configuration list for PBXNativeTarget "STTDemo" */;
			buildPhases = (
				EF05F6C62ACA960900FFDBCE /* Sources */,
				EF05F6C72ACA960900FFDBCE /* Frameworks */,
				EF05F6C82ACA960900FFDBCE /* Resources */,
			);
			buildRules = (
			);
			dependencies = (
			);
			name = STTDemo;
			productName = STTDemo;
			productReference = EF05F6CA2ACA960900FFDBCE /* STTDemo.app */;
			productType = "com.apple.product-type.application";
		};
/* End PBXNativeTarget section */

/* Begin PBXProject section */
		EF05F6C22ACA960900FFDBCE /* Project object */ = {
			isa = PBXProject;
			attributes = {
				BuildIndependentTargetsInParallel = 1;
				LastSwiftUpdateCheck = 1430;
				LastUpgradeCheck = 1430;
				TargetAttributes = {
					EF05F6C92ACA960900FFDBCE = {
						CreatedOnToolsVersion = 14.3;
					};
				};
			};
			buildConfigurationList = EF05F6C52ACA960900FFDBCE /* Build configuration list for PBXProject "STTDemo" */;
			compatibilityVersion = "Xcode 14.0";
			developmentRegion = en;
			hasScannedForEncodings = 0;
			knownRegions = (
				en,
				Base,
			);
			mainGroup = EF05F6C12ACA960900FFDBCE;
			productRefGroup = EF05F6CB2ACA960900FFDBCE /* Products */;
			projectDirPath = "";
			projectRoot = "";
			targets = (
				EF05F6C92ACA960900FFDBCE /* STTDemo */,
			);
		};
/* End PBXProject section */

/* Begin PBXResourcesBuildPhase section */
		EF05F6C82ACA960900FFDBCE /* Resources */ = {
			isa = PBXResourcesBuildPhase;
			buildActionMask = 2147483647;
			files = (
				EF31E90E2ACAA62100889AAA /* audioKOR.mp3 in Resources */,
				EF05F6D52ACA960A00FFDBCE /* Preview Assets.xcassets in Resources */,
				EF05F6D22ACA960A00FFDBCE /* Assets.xcassets in Resources */,
				EF31E90F2ACAA62100889AAA /* audioENG.mp3 in Resources */,
			);
			runOnlyForDeploymentPostprocessing = 0;
		};
/* End PBXResourcesBuildPhase section */

/* Begin PBXSourcesBuildPhase section */
		EF05F6C62ACA960900FFDBCE /* Sources */ = {
			isa = PBXSourcesBuildPhase;
			buildActionMask = 2147483647;
			files = (
				EF31E9182ACC02A500889AAA /* SpeechRecognizer.swift in Sources */,
				EF05F6E32ACA9B4700FFDBCE /* InitiatorView.swift in Sources */,
				EF05F6E12ACA9A0B00FFDBCE /* Audio.swift in Sources */,
				EF05F6D02ACA960900FFDBCE /* RecordedAudioView.swift in Sources */,
				EF31E9132ACAAC5F00889AAA /* LiveAudioView.swift in Sources */,
				EF05F6E52ACA9D2400FFDBCE /* RecordingRecognizer.swift in Sources */,
				EF05F6CE2ACA960900FFDBCE /* STTDemoApp.swift in Sources */,
			);
			runOnlyForDeploymentPostprocessing = 0;
		};
/* End PBXSourcesBuildPhase section */

/* Begin XCBuildConfiguration section */
		EF05F6D62ACA960A00FFDBCE /* Debug */ = {
			isa = XCBuildConfiguration;
			buildSettings = {
				ALWAYS_SEARCH_USER_PATHS = NO;
				CLANG_ANALYZER_NONNULL = YES;
				CLANG_ANALYZER_NUMBER_OBJECT_CONVERSION = YES_AGGRESSIVE;
				CLANG_CXX_LANGUAGE_STANDARD = "gnu++20";
				CLANG_ENABLE_MODULES = YES;
				CLANG_ENABLE_OBJC_ARC = YES;
				CLANG_ENABLE_OBJC_WEAK = YES;
				CLANG_WARN_BLOCK_CAPTURE_AUTORELEASING = YES;
				CLANG_WARN_BOOL_CONVERSION = YES;
				CLANG_WARN_COMMA = YES;
				CLANG_WARN_CONSTANT_CONVERSION = YES;
				CLANG_WARN_DEPRECATED_OBJC_IMPLEMENTATIONS = YES;
				CLANG_WARN_DIRECT_OBJC_ISA_USAGE = YES_ERROR;
				CLANG_WARN_DOCUMENTATION_COMMENTS = YES;
				CLANG_WARN_EMPTY_BODY = YES;
				CLANG_WARN_ENUM_CONVERSION = YES;
				CLANG_WARN_INFINITE_RECURSION = YES;
				CLANG_WARN_INT_CONVERSION = YES;
				CLANG_WARN_NON_LITERAL_NULL_CONVERSION = YES;
				CLANG_WARN_OBJC_IMPLICIT_RETAIN_SELF = YES;
				CLANG_WARN_OBJC_LITERAL_CONVERSION = YES;
				CLANG_WARN_OBJC_ROOT_CLASS = YES_ERROR;
				CLANG_WARN_QUOTED_INCLUDE_IN_FRAMEWORK_HEADER = YES;
				CLANG_WARN_RANGE_LOOP_ANALYSIS = YES;
				CLANG_WARN_STRICT_PROTOTYPES = YES;
				CLANG_WARN_SUSPICIOUS_MOVE = YES;
				CLANG_WARN_UNGUARDED_AVAILABILITY = YES_AGGRESSIVE;
				CLANG_WARN_UNREACHABLE_CODE = YES;
				CLANG_WARN__DUPLICATE_METHOD_MATCH = YES;
				COPY_PHASE_STRIP = NO;
				DEBUG_INFORMATION_FORMAT = dwarf;
				ENABLE_STRICT_OBJC_MSGSEND = YES;
				ENABLE_TESTABILITY = YES;
				GCC_C_LANGUAGE_STANDARD = gnu11;
				GCC_DYNAMIC_NO_PIC = NO;
				GCC_NO_COMMON_BLOCKS = YES;
				GCC_OPTIMIZATION_LEVEL = 0;
				GCC_PREPROCESSOR_DEFINITIONS = (
					"DEBUG=1",
					"$(inherited)",
				);
				GCC_WARN_64_TO_32_BIT_CONVERSION = YES;
				GCC_WARN_ABOUT_RETURN_TYPE = YES_ERROR;
				GCC_WARN_UNDECLARED_SELECTOR = YES;
				GCC_WARN_UNINITIALIZED_AUTOS = YES_AGGRESSIVE;
				GCC_WARN_UNUSED_FUNCTION = YES;
				GCC_WARN_UNUSED_VARIABLE = YES;
				IPHONEOS_DEPLOYMENT_TARGET = 16.4;
				MTL_ENABLE_DEBUG_INFO = INCLUDE_SOURCE;
				MTL_FAST_MATH = YES;
				ONLY_ACTIVE_ARCH = YES;
				SDKROOT = iphoneos;
				SWIFT_ACTIVE_COMPILATION_CONDITIONS = DEBUG;
				SWIFT_OPTIMIZATION_LEVEL = "-Onone";
			};
			name = Debug;
		};
		EF05F6D72ACA960A00FFDBCE /* Release */ = {
			isa = XCBuildConfiguration;
			buildSettings = {
				ALWAYS_SEARCH_USER_PATHS = NO;
				CLANG_ANALYZER_NONNULL = YES;
				CLANG_ANALYZER_NUMBER_OBJECT_CONVERSION = YES_AGGRESSIVE;
				CLANG_CXX_LANGUAGE_STANDARD = "gnu++20";
				CLANG_ENABLE_MODULES = YES;
				CLANG_ENABLE_OBJC_ARC = YES;
				CLANG_ENABLE_OBJC_WEAK = YES;
				CLANG_WARN_BLOCK_CAPTURE_AUTORELEASING = YES;
				CLANG_WARN_BOOL_CONVERSION = YES;
				CLANG_WARN_COMMA = YES;
				CLANG_WARN_CONSTANT_CONVERSION = YES;
				CLANG_WARN_DEPRECATED_OBJC_IMPLEMENTATIONS = YES;
				CLANG_WARN_DIRECT_OBJC_ISA_USAGE = YES_ERROR;
				CLANG_WARN_DOCUMENTATION_COMMENTS = YES;
				CLANG_WARN_EMPTY_BODY = YES;
				CLANG_WARN_ENUM_CONVERSION = YES;
				CLANG_WARN_INFINITE_RECURSION = YES;
				CLANG_WARN_INT_CONVERSION = YES;
				CLANG_WARN_NON_LITERAL_NULL_CONVERSION = YES;
				CLANG_WARN_OBJC_IMPLICIT_RETAIN_SELF = YES;
				CLANG_WARN_OBJC_LITERAL_CONVERSION = YES;
				CLANG_WARN_OBJC_ROOT_CLASS = YES_ERROR;
				CLANG_WARN_QUOTED_INCLUDE_IN_FRAMEWORK_HEADER = YES;
				CLANG_WARN_RANGE_LOOP_ANALYSIS = YES;
				CLANG_WARN_STRICT_PROTOTYPES = YES;
				CLANG_WARN_SUSPICIOUS_MOVE = YES;
				CLANG_WARN_UNGUARDED_AVAILABILITY = YES_AGGRESSIVE;
				CLANG_WARN_UNREACHABLE_CODE = YES;
				CLANG_WARN__DUPLICATE_METHOD_MATCH = YES;
				COPY_PHASE_STRIP = NO;
				DEBUG_INFORMATION_FORMAT = "dwarf-with-dsym";
				ENABLE_NS_ASSERTIONS = NO;
				ENABLE_STRICT_OBJC_MSGSEND = YES;
				GCC_C_LANGUAGE_STANDARD = gnu11;
				GCC_NO_COMMON_BLOCKS = YES;
				GCC_WARN_64_TO_32_BIT_CONVERSION = YES;
				GCC_WARN_ABOUT_RETURN_TYPE = YES_ERROR;
				GCC_WARN_UNDECLARED_SELECTOR = YES;
				GCC_WARN_UNINITIALIZED_AUTOS = YES_AGGRESSIVE;
				GCC_WARN_UNUSED_FUNCTION = YES;
				GCC_WARN_UNUSED_VARIABLE = YES;
				IPHONEOS_DEPLOYMENT_TARGET = 16.4;
				MTL_ENABLE_DEBUG_INFO = NO;
				MTL_FAST_MATH = YES;
				SDKROOT = iphoneos;
				SWIFT_COMPILATION_MODE = wholemodule;
				SWIFT_OPTIMIZATION_LEVEL = "-O";
				VALIDATE_PRODUCT = YES;
			};
			name = Release;
		};
		EF05F6D92ACA960A00FFDBCE /* Debug */ = {
			isa = XCBuildConfiguration;
			buildSettings = {
				ASSETCATALOG_COMPILER_APPICON_NAME = AppIcon;
				ASSETCATALOG_COMPILER_GLOBAL_ACCENT_COLOR_NAME = AccentColor;
				CODE_SIGN_STYLE = Automatic;
				CURRENT_PROJECT_VERSION = 1;
				DEVELOPMENT_ASSET_PATHS = "\"STTDemo/Preview Content\"";
				DEVELOPMENT_TEAM = 34U36L8239;
				ENABLE_PREVIEWS = YES;
				GENERATE_INFOPLIST_FILE = YES;
				INFOPLIST_FILE = STTDemo/Info.plist;
				INFOPLIST_KEY_NSMicrophoneUsageDescription = "음성을 텍스트로 변환하기 위해 기기의 마이크의 접근합니다. 음성 변환이 완료되면 녹음을 마칩니다.";
				INFOPLIST_KEY_NSSpeechRecognitionUsageDescription = "음성으로부터 변환된 텍스트를 확인하실 수 있습니다.";
				INFOPLIST_KEY_UIApplicationSceneManifest_Generation = YES;
				INFOPLIST_KEY_UIApplicationSupportsIndirectInputEvents = YES;
				INFOPLIST_KEY_UILaunchScreen_Generation = YES;
				INFOPLIST_KEY_UISupportedInterfaceOrientations_iPad = "UIInterfaceOrientationPortrait UIInterfaceOrientationPortraitUpsideDown UIInterfaceOrientationLandscapeLeft UIInterfaceOrientationLandscapeRight";
				INFOPLIST_KEY_UISupportedInterfaceOrientations_iPhone = "UIInterfaceOrientationPortrait UIInterfaceOrientationLandscapeLeft UIInterfaceOrientationLandscapeRight";
				LD_RUNPATH_SEARCH_PATHS = (
					"$(inherited)",
					"@executable_path/Frameworks",
				);
				MARKETING_VERSION = 1.0;
				PRODUCT_BUNDLE_IDENTIFIER = liannechoi.STTDemo;
				PRODUCT_NAME = "$(TARGET_NAME)";
				SWIFT_EMIT_LOC_STRINGS = YES;
				SWIFT_VERSION = 5.0;
				TARGETED_DEVICE_FAMILY = "1,2";
			};
			name = Debug;
		};
		EF05F6DA2ACA960A00FFDBCE /* Release */ = {
			isa = XCBuildConfiguration;
			buildSettings = {
				ASSETCATALOG_COMPILER_APPICON_NAME = AppIcon;
				ASSETCATALOG_COMPILER_GLOBAL_ACCENT_COLOR_NAME = AccentColor;
				CODE_SIGN_STYLE = Automatic;
				CURRENT_PROJECT_VERSION = 1;
				DEVELOPMENT_ASSET_PATHS = "\"STTDemo/Preview Content\"";
				DEVELOPMENT_TEAM = 34U36L8239;
				ENABLE_PREVIEWS = YES;
				GENERATE_INFOPLIST_FILE = YES;
				INFOPLIST_FILE = STTDemo/Info.plist;
				INFOPLIST_KEY_NSMicrophoneUsageDescription = "음성을 텍스트로 변환하기 위해 기기의 마이크의 접근합니다. 음성 변환이 완료되면 녹음을 마칩니다.";
				INFOPLIST_KEY_NSSpeechRecognitionUsageDescription = "음성으로부터 변환된 텍스트를 확인하실 수 있습니다.";
				INFOPLIST_KEY_UIApplicationSceneManifest_Generation = YES;
				INFOPLIST_KEY_UIApplicationSupportsIndirectInputEvents = YES;
				INFOPLIST_KEY_UILaunchScreen_Generation = YES;
				INFOPLIST_KEY_UISupportedInterfaceOrientations_iPad = "UIInterfaceOrientationPortrait UIInterfaceOrientationPortraitUpsideDown UIInterfaceOrientationLandscapeLeft UIInterfaceOrientationLandscapeRight";
				INFOPLIST_KEY_UISupportedInterfaceOrientations_iPhone = "UIInterfaceOrientationPortrait UIInterfaceOrientationLandscapeLeft UIInterfaceOrientationLandscapeRight";
				LD_RUNPATH_SEARCH_PATHS = (
					"$(inherited)",
					"@executable_path/Frameworks",
				);
				MARKETING_VERSION = 1.0;
				PRODUCT_BUNDLE_IDENTIFIER = liannechoi.STTDemo;
				PRODUCT_NAME = "$(TARGET_NAME)";
				SWIFT_EMIT_LOC_STRINGS = YES;
				SWIFT_VERSION = 5.0;
				TARGETED_DEVICE_FAMILY = "1,2";
			};
			name = Release;
		};
/* End XCBuildConfiguration section */

/* Begin XCConfigurationList section */
		EF05F6C52ACA960900FFDBCE /* Build configuration list for PBXProject "STTDemo" */ = {
			isa = XCConfigurationList;
			buildConfigurations = (
				EF05F6D62ACA960A00FFDBCE /* Debug */,
				EF05F6D72ACA960A00FFDBCE /* Release */,
			);
			defaultConfigurationIsVisible = 0;
			defaultConfigurationName = Release;
		};
		EF05F6D82ACA960A00FFDBCE /* Build configuration list for PBXNativeTarget "STTDemo" */ = {
			isa = XCConfigurationList;
			buildConfigurations = (
				EF05F6D92ACA960A00FFDBCE /* Debug */,
				EF05F6DA2ACA960A00FFDBCE /* Release */,
			);
			defaultConfigurationIsVisible = 0;
			defaultConfigurationName = Release;
		};
/* End XCConfigurationList section */
	};
	rootObject = EF05F6C22ACA960900FFDBCE /* Project object */;
}
